webtyp.com/ddl v0.0.20 h1:VcwvL4ULrAj46PM/XPguJwiXjTH5xO0OkW9BxslDD1M=
webtyp.com/ddl v0.0.20/go.mod h1:6V0yoLSfnFPukGtNC565GQMt2eGRl2QbB0rOlv8eo0s=
webtyp.com/events v0.0.5 h1:FZDdUDm/QocRpEfENZ0LTU6R+Rj4LBwXfPLcycUPW5o=
webtyp.com/events v0.0.5/go.mod h1:r+ZG3Robb7hq3+vJFv9btYtEg8AHpLrV9MHc4VVddQo=
webtyp.com/fmt v1.0.0 h1:W0vMMGC6ezg1q2LarAEaVnNvZ26hVqzZdQQH1wcNogM=
webtyp.com/fmt v1.0.0/go.mod h1:FmTxx713R45J21kbH5JOmKGaaCap3fJPA9Yl2n4Ch7U=
webtyp.com/input v0.0.10 h1:mNOSBqId7WqJH+sT6SxmMBom9l1q61ntFT9EjNzik7c=
webtyp.com/input v0.0.10/go.mod h1:G4oOhJLm3Lvp4JVIhMs0LzGnFM0GC+b7rbmS15djQ2I=
webtyp.com/json v0.5.25 h1:f/JUsrtFGq4Sa/UGYI0lWHyY83V+r0li+Q89s3DkqZs=
webtyp.com/json v0.5.25/go.mod h1:KdFRztDe6ZwGP/ih0DR8grO72ru9h1DjZcG1UU5fRrM=
webtyp.com/model v0.2.0 h1:fhnpWAxT2ss0bQ05uoVA+ZclEvHcRHwHn/pWH31dj0w=
webtyp.com/model v0.2.0/go.mod h1:OkyYeE3GOG8eAQGhd9wVsORAhr+xYj3q8avpoGXG25c=
webtyp.com/orm v0.12.6 h1:6L3I6tcv0a4i5KOt72HehcE6iWFS2tQFDDGvm27Ks5g=
webtyp.com/orm v0.12.6/go.mod h1:UIilpla9jiyVHMuu6he80FfIvgGcLsorjlLIASfI6WU=
webtyp.com/router v0.1.42 h1:EHeb2imRCDHqahaH5mCvcVFEnkm28oQRTMXaVI78cPc=
webtyp.com/router v0.1.42/go.mod h1:vq9bDpR18oNflHXZmbE2IOlGduRJqPugKDWe2mm6nk4=
webtyp.com/storage v0.1.1 h1:8RgDEpdaVfLjX+ttl8ltEp8ZPl9Hq56BxpJp8YraN8o=
webtyp.com/storage v0.1.1/go.mod h1:mh9CB3BbNXGvw+oNBJlUNOpBQ5dMZAS1gAFQamq7H2k=
webtyp.com/time v0.5.6 h1:tvCPy2b01ZJNhaM7XYB5Ta+07rHbB9a2LZnAphg+zoQ=
webtyp.com/time v0.5.6/go.mod h1:V6ew493Rk+an2mV77vVjytPAbtlsELVZ4O4wGqu4tUI=
webtyp.com/view v0.6.10 h1:RqaQkDeArhGG7zttkAs2ZLUTTcttngOZxWjsbk/GDmc=
webtyp.com/view v0.6.10/go.mod h1:3tQT7w8Nb7xHSDTo8bPA0F9+4FcqjYzOCgH/RC3VKYY=
